// !$*UTF8*$!
{
	archiveVersion = 1;
	classes = {
	};
	objectVersion = 46;
	objects = {

/* Begin PBXBuildFile section */
		D50961D319D75C92002C952D /* RescheduleViewController.swift in Sources */ = {isa = PBXBuildFile; fileRef = D50961D219D75C92002C952D /* RescheduleViewController.swift */; };
		D543A2ED19D8A29300D41903 /* ComposeViewController.swift in Sources */ = {isa = PBXBuildFile; fileRef = D543A2EC19D8A29300D41903 /* ComposeViewController.swift */; };
		D552F74719D76772003D421C /* ListViewController.swift in Sources */ = {isa = PBXBuildFile; fileRef = D552F74619D76772003D421C /* ListViewController.swift */; };
		D5DB41BD19D3DF9600972B62 /* AppDelegate.swift in Sources */ = {isa = PBXBuildFile; fileRef = D5DB41BC19D3DF9600972B62 /* AppDelegate.swift */; };
		D5DB41BF19D3DF9600972B62 /* ViewController.swift in Sources */ = {isa = PBXBuildFile; fileRef = D5DB41BE19D3DF9600972B62 /* ViewController.swift */; };
		D5DB41C219D3DF9600972B62 /* Main.storyboard in Resources */ = {isa = PBXBuildFile; fileRef = D5DB41C019D3DF9600972B62 /* Main.storyboard */; };
		D5DB41C419D3DF9600972B62 /* Images.xcassets in Resources */ = {isa = PBXBuildFile; fileRef = D5DB41C319D3DF9600972B62 /* Images.xcassets */; };
		D5DB41C719D3DF9600972B62 /* LaunchScreen.xib in Resources */ = {isa = PBXBuildFile; fileRef = D5DB41C519D3DF9600972B62 /* LaunchScreen.xib */; };
		D5DB41D319D3DF9600972B62 /* Mailbox_SwiftTests.swift in Sources */ = {isa = PBXBuildFile; fileRef = D5DB41D219D3DF9600972B62 /* Mailbox_SwiftTests.swift */; };
		D5DB41DD19D3ECB600972B62 /* MailboxViewController.swift in Sources */ = {isa = PBXBuildFile; fileRef = D5DB41DC19D3ECB600972B62 /* MailboxViewController.swift */; };
/* End PBXBuildFile section */

/* Begin PBXContainerItemProxy section */
		D5DB41CD19D3DF9600972B62 /* PBXContainerItemProxy */ = {
			isa = PBXContainerItemProxy;
			containerPortal = D5DB41AF19D3DF9600972B62 /* Project object */;
			proxyType = 1;
			remoteGlobalIDString = D5DB41B619D3DF9600972B62;
			remoteInfo = "Mailbox-Swift";
		};
/* End PBXContainerItemProxy section */

/* Begin PBXFileReference section */
		D50961D219D75C92002C952D /* RescheduleViewController.swift */ = {isa = PBXFileReference; fileEncoding = 4; lastKnownFileType = sourcecode.swift; path = RescheduleViewController.swift; sourceTree = "<group>"; };
		D543A2EC19D8A29300D41903 /* ComposeViewController.swift */ = {isa = PBXFileReference; fileEncoding = 4; lastKnownFileType = sourcecode.swift; path = ComposeViewController.swift; sourceTree = "<group>"; };
		D552F74619D76772003D421C /* ListViewController.swift */ = {isa = PBXFileReference; fileEncoding = 4; lastKnownFileType = sourcecode.swift; path = ListViewController.swift; sourceTree = "<group>"; };
		D5DB41B719D3DF9600972B62 /* Mailbox-Swift.app */ = {isa = PBXFileReference; explicitFileType = wrapper.application; includeInIndex = 0; path = "Mailbox-Swift.app"; sourceTree = BUILT_PRODUCTS_DIR; };
		D5DB41BB19D3DF9600972B62 /* Info.plist */ = {isa = PBXFileReference; lastKnownFileType = text.plist.xml; path = Info.plist; sourceTree = "<group>"; };
		D5DB41BC19D3DF9600972B62 /* AppDelegate.swift */ = {isa = PBXFileReference; lastKnownFileType = sourcecode.swift; path = AppDelegate.swift; sourceTree = "<group>"; };
		D5DB41BE19D3DF9600972B62 /* ViewController.swift */ = {isa = PBXFileReference; lastKnownFileType = sourcecode.swift; path = ViewController.swift; sourceTree = "<group>"; };
		D5DB41C119D3DF9600972B62 /* Base */ = {isa = PBXFileReference; lastKnownFileType = file.storyboard; name = Base; path = Base.lproj/Main.storyboard; sourceTree = "<group>"; };
		D5DB41C319D3DF9600972B62 /* Images.xcassets */ = {isa = PBXFileReference; lastKnownFileType = folder.assetcatalog; path = Images.xcassets; sourceTree = "<group>"; };
		D5DB41C619D3DF9600972B62 /* Base */ = {isa = PBXFileReference; lastKnownFileType = file.xib; name = Base; path = Base.lproj/LaunchScreen.xib; sourceTree = "<group>"; };
		D5DB41CC19D3DF9600972B62 /* Mailbox-SwiftTests.xctest */ = {isa = PBXFileReference; explicitFileType = wrapper.cfbundle; includeInIndex = 0; path = "Mailbox-SwiftTests.xctest"; sourceTree = BUILT_PRODUCTS_DIR; };
		D5DB41D119D3DF9600972B62 /* Info.plist */ = {isa = PBXFileReference; lastKnownFileType = text.plist.xml; path = Info.plist; sourceTree = "<group>"; };
		D5DB41D219D3DF9600972B62 /* Mailbox_SwiftTests.swift */ = {isa = PBXFileReference; lastKnownFileType = sourcecode.swift; path = Mailbox_SwiftTests.swift; sourceTree = "<group>"; };
		D5DB41DC19D3ECB600972B62 /* MailboxViewController.swift */ = {isa = PBXFileReference; fileEncoding = 4; lastKnownFileType = sourcecode.swift; path = MailboxViewController.swift; sourceTree = "<group>"; };
/* End PBXFileReference section */

/* Begin PBXFrameworksBuildPhase section */
		D5DB41B419D3DF9600972B62 /* Frameworks */ = {
			isa = PBXFrameworksBuildPhase;
			buildActionMask = 2147483647;
			files = (
			);
			runOnlyForDeploymentPostprocessing = 0;
		};
		D5DB41C919D3DF9600972B62 /* Frameworks */ = {
			isa = PBXFrameworksBuildPhase;
			buildActionMask = 2147483647;
			files = (
			);
			runOnlyForDeploymentPostprocessing = 0;
		};
/* End PBXFrameworksBuildPhase section */

/* Begin PBXGroup section */
		D5DB41AE19D3DF9600972B62 = {
			isa = PBXGroup;
			children = (
				D5DB41B919D3DF9600972B62 /* Mailbox-Swift */,
				D5DB41CF19D3DF9600972B62 /* Mailbox-SwiftTests */,
				D5DB41B819D3DF9600972B62 /* Products */,
			);
			sourceTree = "<group>";
		};
		D5DB41B819D3DF9600972B62 /* Products */ = {
			isa = PBXGroup;
			children = (
				D5DB41B719D3DF9600972B62 /* Mailbox-Swift.app */,
				D5DB41CC19D3DF9600972B62 /* Mailbox-SwiftTests.xctest */,
			);
			name = Products;
			sourceTree = "<group>";
		};
		D5DB41B919D3DF9600972B62 /* Mailbox-Swift */ = {
			isa = PBXGroup;
			children = (
				D5DB41BC19D3DF9600972B62 /* AppDelegate.swift */,
				D5DB41BE19D3DF9600972B62 /* ViewController.swift */,
				D5DB41C019D3DF9600972B62 /* Main.storyboard */,
				D543A2EC19D8A29300D41903 /* ComposeViewController.swift */,
				D552F74619D76772003D421C /* ListViewController.swift */,
				D50961D219D75C92002C952D /* RescheduleViewController.swift */,
				D5DB41DC19D3ECB600972B62 /* MailboxViewController.swift */,
				D5DB41C319D3DF9600972B62 /* Images.xcassets */,
				D5DB41C519D3DF9600972B62 /* LaunchScreen.xib */,
				D5DB41BA19D3DF9600972B62 /* Supporting Files */,
			);
			path = "Mailbox-Swift";
			sourceTree = "<group>";
		};
		D5DB41BA19D3DF9600972B62 /* Supporting Files */ = {
			isa = PBXGroup;
			children = (
				D5DB41BB19D3DF9600972B62 /* Info.plist */,
			);
			name = "Supporting Files";
			sourceTree = "<group>";
		};
		D5DB41CF19D3DF9600972B62 /* Mailbox-SwiftTests */ = {
			isa = PBXGroup;
			children = (
				D5DB41D219D3DF9600972B62 /* Mailbox_SwiftTests.swift */,
				D5DB41D019D3DF9600972B62 /* Supporting Files */,
			);
			path = "Mailbox-SwiftTests";
			sourceTree = "<group>";
		};
		D5DB41D019D3DF9600972B62 /* Supporting Files */ = {
			isa = PBXGroup;
			children = (
				D5DB41D119D3DF9600972B62 /* Info.plist */,
			);
			name = "Supporting Files";
			sourceTree = "<group>";
		};
/* End PBXGroup section */

/* Begin PBXNativeTarget section */
		D5DB41B619D3DF9600972B62 /* Mailbox-Swift */ = {
			isa = PBXNativeTarget;
			buildConfigurationList = D5DB41D619D3DF9600972B62 /* Build configuration list for PBXNativeTarget "Mailbox-Swift" */;
			buildPhases = (
				D5DB41B319D3DF9600972B62 /* Sources */,
				D5DB41B419D3DF9600972B62 /* Frameworks */,
				D5DB41B519D3DF9600972B62 /* Resources */,
			);
			buildRules = (
			);
			dependencies = (
			);
			name = "Mailbox-Swift";
			productName = "Mailbox-Swift";
			productReference = D5DB41B719D3DF9600972B62 /* Mailbox-Swift.app */;
			productType = "com.apple.product-type.application";
		};
		D5DB41CB19D3DF9600972B62 /* Mailbox-SwiftTests */ = {
			isa = PBXNativeTarget;
			buildConfigurationList = D5DB41D919D3DF9600972B62 /* Build configuration list for PBXNativeTarget "Mailbox-SwiftTests" */;
			buildPhases = (
				D5DB41C819D3DF9600972B62 /* Sources */,
				D5DB41C919D3DF9600972B62 /* Frameworks */,
				D5DB41CA19D3DF9600972B62 /* Resources */,
			);
			buildRules = (
			);
			dependencies = (
				D5DB41CE19D3DF9600972B62 /* PBXTargetDependency */,
			);
			name = "Mailbox-SwiftTests";
			productName = "Mailbox-SwiftTests";
			productReference = D5DB41CC19D3DF9600972B62 /* Mailbox-SwiftTests.xctest */;
			productType = "com.apple.product-type.bundle.unit-test";
		};
/* End PBXNativeTarget section */

/* Begin PBXProject section */
		D5DB41AF19D3DF9600972B62 /* Project object */ = {
			isa = PBXProject;
			attributes = {
				LastUpgradeCheck = 0600;
				ORGANIZATIONNAME = MichaelWEllison;
				TargetAttributes = {
					D5DB41B619D3DF9600972B62 = {
						CreatedOnToolsVersion = 6.0;
					};
					D5DB41CB19D3DF9600972B62 = {
						CreatedOnToolsVersion = 6.0;
						TestTargetID = D5DB41B619D3DF9600972B62;
					};
				};
			};
			buildConfigurationList = D5DB41B219D3DF9600972B62 /* Build configuration list for PBXProject "Mailbox-Swift" */;
			compatibilityVersion = "Xcode 3.2";
			developmentRegion = English;
			hasScannedForEncodings = 0;
			knownRegions = (
				en,
				Base,
			);
			mainGroup = D5DB41AE19D3DF9600972B62;
			productRefGroup = D5DB41B819D3DF9600972B62 /* Products */;
			projectDirPath = "";
			projectRoot = "";
			targets = (
				D5DB41B619D3DF9600972B62 /* Mailbox-Swift */,
				D5DB41CB19D3DF9600972B62 /* Mailbox-SwiftTests */,
			);
		};
/* End PBXProject section */

/* Begin PBXResourcesBuildPhase section */
		D5DB41B519D3DF9600972B62 /* Resources */ = {
			isa = PBXResourcesBuildPhase;
			buildActionMask = 2147483647;
			files = (
				D5DB41C219D3DF9600972B62 /* Main.storyboard in Resources */,
				D5DB41C719D3DF9600972B62 /* LaunchScreen.xib in Resources */,
				D5DB41C419D3DF9600972B62 /* Images.xcassets in Resources */,
			);
			runOnlyForDeploymentPostprocessing = 0;
		};
		D5DB41CA19D3DF9600972B62 /* Resources */ = {
			isa = PBXResourcesBuildPhase;
			buildActionMask = 2147483647;
			files = (
			);
			runOnlyForDeploymentPostprocessing = 0;
		};
/* End PBXResourcesBuildPhase section */

/* Begin PBXSourcesBuildPhase section */
		D5DB41B319D3DF9600972B62 /* Sources */ = {
			isa = PBXSourcesBuildPhase;
			buildActionMask = 2147483647;
			files = (
				D50961D319D75C92002C952D /* RescheduleViewController.swift in Sources */,
				D5DB41BF19D3DF9600972B62 /* ViewController.swift in Sources */,
				D5DB41BD19D3DF9600972B62 /* AppDelegate.swift in Sources */,
				D543A2ED19D8A29300D41903 /* ComposeViewController.swift in Sources */,
				D552F74719D76772003D421C /* ListViewController.swift in Sources */,
				D5DB41DD19D3ECB600972B62 /* MailboxViewController.swift in Sources */,
			);
			runOnlyForDeploymentPostprocessing = 0;
		};
		D5DB41C819D3DF9600972B62 /* Sources */ = {
			isa = PBXSourcesBuildPhase;
			buildActionMask = 2147483647;
			files = (
				D5DB41D319D3DF9600972B62 /* Mailbox_SwiftTests.swift in Sources */,
			);
			runOnlyForDeploymentPostprocessing = 0;
		};
/* End PBXSourcesBuildPhase section */

/* Begin PBXTargetDependency section */
		D5DB41CE19D3DF9600972B62 /* PBXTargetDependency */ = {
			isa = PBXTargetDependency;
			target = D5DB41B619D3DF9600972B62 /* Mailbox-Swift */;
			targetProxy = D5DB41CD19D3DF9600972B62 /* PBXContainerItemProxy */;
		};
/* End PBXTargetDependency section */

/* Begin PBXVariantGroup section */
		D5DB41C019D3DF9600972B62 /* Main.storyboard */ = {
			isa = PBXVariantGroup;
			children = (
				D5DB41C119D3DF9600972B62 /* Base */,
			);
			name = Main.storyboard;
			sourceTree = "<group>";
		};
		D5DB41C519D3DF9600972B62 /* LaunchScreen.xib */ = {
			isa = PBXVariantGroup;
			children = (
				D5DB41C619D3DF9600972B62 /* Base */,
			);
			name = LaunchScreen.xib;
			sourceTree = "<group>";
		};
/* End PBXVariantGroup section */

/* Begin XCBuildConfiguration section */
		D5DB41D419D3DF9600972B62 /* Debug */ = {
			isa = XCBuildConfiguration;
			buildSettings = {
				ALWAYS_SEARCH_USER_PATHS = NO;
				CLANG_CXX_LANGUAGE_STANDARD = "gnu++0x";
				CLANG_CXX_LIBRARY = "libc++";
				CLANG_ENABLE_MODULES = YES;
				CLANG_ENABLE_OBJC_ARC = YES;
				CLANG_WARN_BOOL_CONVERSION = YES;
				CLANG_WARN_CONSTANT_CONVERSION = YES;
				CLANG_WARN_DIRECT_OBJC_ISA_USAGE = YES_ERROR;
				CLANG_WARN_EMPTY_BODY = YES;
				CLANG_WARN_ENUM_CONVERSION = YES;
				CLANG_WARN_INT_CONVERSION = YES;
				CLANG_WARN_OBJC_ROOT_CLASS = YES_ERROR;
				CLANG_WARN_UNREACHABLE_CODE = YES;
				CLANG_WARN__DUPLICATE_METHOD_MATCH = YES;
				"CODE_SIGN_IDENTITY[sdk=iphoneos*]" = "iPhone Developer";
				COPY_PHASE_STRIP = NO;
				ENABLE_STRICT_OBJC_MSGSEND = YES;
				GCC_C_LANGUAGE_STANDARD = gnu99;
				GCC_DYNAMIC_NO_PIC = NO;
				GCC_OPTIMIZATION_LEVEL = 0;
				GCC_PREPROCESSOR_DEFINITIONS = (
					"DEBUG=1",
					"$(inherited)",
				);
				GCC_SYMBOLS_PRIVATE_EXTERN = NO;
				GCC_WARN_64_TO_32_BIT_CONVERSION = YES;
				GCC_WARN_ABOUT_RETURN_TYPE = YES_ERROR;
				GCC_WARN_UNDECLARED_SELECTOR = YES;
				GCC_WARN_UNINITIALIZED_AUTOS = YES_AGGRESSIVE;
				GCC_WARN_UNUSED_FUNCTION = YES;
				GCC_WARN_UNUSED_VARIABLE = YES;
				IPHONEOS_DEPLOYMENT_TARGET = 8.0;
				MTL_ENABLE_DEBUG_INFO = YES;
				ONLY_ACTIVE_ARCH = YES;
				SDKROOT = iphoneos;
				SWIFT_OPTIMIZATION_LEVEL = "-Onone";
			};
			name = Debug;
		};
		D5DB41D519D3DF9600972B62 /* Release */ = {
			isa = XCBuildConfiguration;
			buildSettings = {
				ALWAYS_SEARCH_USER_PATHS = NO;
				CLANG_CXX_LANGUAGE_STANDARD = "gnu++0x";
				CLANG_CXX_LIBRARY = "libc++";
				CLANG_ENABLE_MODULES = YES;
				CLANG_ENABLE_OBJC_ARC = YES;
				CLANG_WARN_BOOL_CONVERSION = YES;
				CLANG_WARN_CONSTANT_CONVERSION = YES;
				CLANG_WARN_DIRECT_OBJC_ISA_USAGE = YES_ERROR;
				CLANG_WARN_EMPTY_BODY = YES;
				CLANG_WARN_ENUM_CONVERSION = YES;
				CLANG_WARN_INT_CONVERSION = YES;
				CLANG_WARN_OBJC_ROOT_CLASS = YES_ERROR;
				CLANG_WARN_UNREACHABLE_CODE = YES;
				CLANG_WARN__DUPLICATE_METHOD_MATCH = YES;
				"CODE_SIGN_IDENTITY[sdk=iphoneos*]" = "iPhone Developer";
				COPY_PHASE_STRIP = YES;
				ENABLE_NS_ASSERTIONS = NO;
				ENABLE_STRICT_OBJC_MSGSEND = YES;
				GCC_C_LANGUAGE_STANDARD = gnu99;
				GCC_WARN_64_TO_32_BIT_CONVERSION = YES;
				GCC_WARN_ABOUT_RETURN_TYPE = YES_ERROR;
				GCC_WARN_UNDECLARED_SELECTOR = YES;
				GCC_WARN_UNINITIALIZED_AUTOS = YES_AGGRESSIVE;
				GCC_WARN_UNUSED_FUNCTION = YES;
				GCC_WARN_UNUSED_VARIABLE = YES;
				IPHONEOS_DEPLOYMENT_TARGET = 8.0;
				MTL_ENABLE_DEBUG_INFO = NO;
				SDKROOT = iphoneos;
				VALIDATE_PRODUCT = YES;
			};
			name = Release;
		};
		D5DB41D719D3DF9600972B62 /* Debug */ = {
			isa = XCBuildConfiguration;
			buildSettings = {
				ASSETCATALOG_COMPILER_APPICON_NAME = AppIcon;
				INFOPLIST_FILE = "Mailbox-Swift/Info.plist";
				LD_RUNPATH_SEARCH_PATHS = "$(inherited) @executable_path/Frameworks";
				PRODUCT_NAME = "$(TARGET_NAME)";
			};
			name = Debug;
		};
		D5DB41D819D3DF9600972B62 /* Release */ = {
			isa = XCBuildConfiguration;
			buildSettings = {
				ASSETCATALOG_COMPILER_APPICON_NAME = AppIcon;
				INFOPLIST_FILE = "Mailbox-Swift/Info.plist";
				LD_RUNPATH_SEARCH_PATHS = "$(inherited) @executable_path/Frameworks";
				PRODUCT_NAME = "$(TARGET_NAME)";
			};
			name = Release;
		};
		D5DB41DA19D3DF9600972B62 /* Debug */ = {
			isa = XCBuildConfiguration;
			buildSettings = {
				BUNDLE_LOADER = "$(TEST_HOST)";
				FRAMEWORK_SEARCH_PATHS = (
					"$(SDKROOT)/Developer/Library/Frameworks",
					"$(inherited)",
				);
				GCC_PREPROCESSOR_DEFINITIONS = (
					"DEBUG=1",
					"$(inherited)",
				);
				INFOPLIST_FILE = "Mailbox-SwiftTests/Info.plist";
				LD_RUNPATH_SEARCH_PATHS = "$(inherited) @executable_path/Frameworks @loader_path/Frameworks";
				PRODUCT_NAME = "$(TARGET_NAME)";
				TEST_HOST = "$(BUILT_PRODUCTS_DIR)/Mailbox-Swift.app/Mailbox-Swift";
			};
			name = Debug;
		};
		D5DB41DB19D3DF9600972B62 /* Release */ = {
			isa = XCBuildConfiguration;
			buildSettings = {
				BUNDLE_LOADER = "$(TEST_HOST)";
				FRAMEWORK_SEARCH_PATHS = (
					"$(SDKROOT)/Developer/Library/Frameworks",
					"$(inherited)",
				);
				INFOPLIST_FILE = "Mailbox-SwiftTests/Info.plist";
				LD_RUNPATH_SEARCH_PATHS = "$(inherited) @executable_path/Frameworks @loader_path/Frameworks";
				PRODUCT_NAME = "$(TARGET_NAME)";
				TEST_HOST = "$(BUILT_PRODUCTS_DIR)/Mailbox-Swift.app/Mailbox-Swift";
			};
			name = Release;
		};
/* End XCBuildConfiguration section */

/* Begin XCConfigurationList section */
		D5DB41B219D3DF9600972B62 /* Build configuration list for PBXProject "Mailbox-Swift" */ = {
			isa = XCConfigurationList;
			buildConfigurations = (
				D5DB41D419D3DF9600972B62 /* Debug */,
				D5DB41D519D3DF9600972B62 /* Release */,
			);
			defaultConfigurationIsVisible = 0;
			defaultConfigurationName = Release;
		};
		D5DB41D619D3DF9600972B62 /* Build configuration list for PBXNativeTarget "Mailbox-Swift" */ = {
			isa = XCConfigurationList;
			buildConfigurations = (
				D5DB41D719D3DF9600972B62 /* Debug */,
				D5DB41D819D3DF9600972B62 /* Release */,
			);
			defaultConfigurationIsVisible = 0;
			defaultConfigurationName = Release;
		};
		D5DB41D919D3DF9600972B62 /* Build configuration list for PBXNativeTarget "Mailbox-SwiftTests" */ = {
			isa = XCConfigurationList;
			buildConfigurations = (
				D5DB41DA19D3DF9600972B62 /* Debug */,
				D5DB41DB19D3DF9600972B62 /* Release */,
			);
			defaultConfigurationIsVisible = 0;
			defaultConfigurationName = Release;
		};
/* End XCConfigurationList section */
	};
	rootObject = D5DB41AF19D3DF9600972B62 /* Project object */;
}
